{
  "name": "cloud-cover",
  "version": "0.1.0",
  "lockfileVersion": 1,
  "requires": true,
  "dependencies": {
    "jsrsasign": {
      "version": "8.0.4",
      "resolved": "https://registry.npmjs.org/jsrsasign/-/jsrsasign-8.0.4.tgz",
      "integrity": "sha1-P3uCOIRPEmtJanVW7J9LUR+V+GE="
    }
  }
}
